// !$*UTF8*$!
{
	archiveVersion = 1;
	classes = {
	};
	objectVersion = 52;
	objects = {

/* Begin PBXBuildFile section */
		FE2AB9C325EFED27009688B1 /* home.swift in Sources */ = {isa = PBXBuildFile; fileRef = FE2AB9C225EFED26009688B1 /* home.swift */; };
		FE7C625025EFD91600705A34 /* MVVM0303App.swift in Sources */ = {isa = PBXBuildFile; fileRef = FE7C624F25EFD91600705A34 /* MVVM0303App.swift */; };
		FE7C625225EFD91600705A34 /* ContentView.swift in Sources */ = {isa = PBXBuildFile; fileRef = FE7C625125EFD91600705A34 /* ContentView.swift */; };
		FE7C625425EFD91C00705A34 /* Assets.xcassets in Resources */ = {isa = PBXBuildFile; fileRef = FE7C625325EFD91C00705A34 /* Assets.xcassets */; };
		FE7C625725EFD91C00705A34 /* Preview Assets.xcassets in Resources */ = {isa = PBXBuildFile; fileRef = FE7C625625EFD91C00705A34 /* Preview Assets.xcassets */; };
		FE7C626825EFDC9100705A34 /* Kingfisher in Frameworks */ = {isa = PBXBuildFile; productRef = FE7C626725EFDC9100705A34 /* Kingfisher */; };
		FE7C626B25EFDD4800705A34 /* PhotoGallery.swift in Sources */ = {isa = PBXBuildFile; fileRef = FE7C626A25EFDD4800705A34 /* PhotoGallery.swift */; };
		FE7C626E25EFDE1300705A34 /* SingleSquare.swift in Sources */ = {isa = PBXBuildFile; fileRef = FE7C626D25EFDE1300705A34 /* SingleSquare.swift */; };
		FE7C627125EFDE8D00705A34 /* Photo.swift in Sources */ = {isa = PBXBuildFile; fileRef = FE7C627025EFDE8D00705A34 /* Photo.swift */; };
		FE7C627425EFDF5500705A34 /* ViewModel.swift in Sources */ = {isa = PBXBuildFile; fileRef = FE7C627325EFDF5500705A34 /* ViewModel.swift */; };
/* End PBXBuildFile section */

/* Begin PBXFileReference section */
		FE2AB9C225EFED26009688B1 /* home.swift */ = {isa = PBXFileReference; lastKnownFileType = sourcecode.swift; path = home.swift; sourceTree = "<group>"; };
		FE7C624C25EFD91500705A34 /* MVVM0303.app */ = {isa = PBXFileReference; explicitFileType = wrapper.application; includeInIndex = 0; path = MVVM0303.app; sourceTree = BUILT_PRODUCTS_DIR; };
		FE7C624F25EFD91600705A34 /* MVVM0303App.swift */ = {isa = PBXFileReference; lastKnownFileType = sourcecode.swift; path = MVVM0303App.swift; sourceTree = "<group>"; };
		FE7C625125EFD91600705A34 /* ContentView.swift */ = {isa = PBXFileReference; lastKnownFileType = sourcecode.swift; path = ContentView.swift; sourceTree = "<group>"; };
		FE7C625325EFD91C00705A34 /* Assets.xcassets */ = {isa = PBXFileReference; lastKnownFileType = folder.assetcatalog; path = Assets.xcassets; sourceTree = "<group>"; };
		FE7C625625EFD91C00705A34 /* Preview Assets.xcassets */ = {isa = PBXFileReference; lastKnownFileType = folder.assetcatalog; path = "Preview Assets.xcassets"; sourceTree = "<group>"; };
		FE7C625825EFD91C00705A34 /* Info.plist */ = {isa = PBXFileReference; lastKnownFileType = text.plist.xml; path = Info.plist; sourceTree = "<group>"; };
		FE7C626A25EFDD4800705A34 /* PhotoGallery.swift */ = {isa = PBXFileReference; lastKnownFileType = sourcecode.swift; path = PhotoGallery.swift; sourceTree = "<group>"; };
		FE7C626D25EFDE1300705A34 /* SingleSquare.swift */ = {isa = PBXFileReference; lastKnownFileType = sourcecode.swift; path = SingleSquare.swift; sourceTree = "<group>"; };
		FE7C627025EFDE8D00705A34 /* Photo.swift */ = {isa = PBXFileReference; lastKnownFileType = sourcecode.swift; path = Photo.swift; sourceTree = "<group>"; };
		FE7C627325EFDF5500705A34 /* ViewModel.swift */ = {isa = PBXFileReference; lastKnownFileType = sourcecode.swift; path = ViewModel.swift; sourceTree = "<group>"; };
/* End PBXFileReference section */

/* Begin PBXFrameworksBuildPhase section */
		FE7C624925EFD91500705A34 /* Frameworks */ = {
			isa = PBXFrameworksBuildPhase;
			buildActionMask = 2147483647;
			files = (
				FE7C626825EFDC9100705A34 /* Kingfisher in Frameworks */,
			);
			runOnlyForDeploymentPostprocessing = 0;
		};
/* End PBXFrameworksBuildPhase section */

/* Begin PBXGroup section */
		FE7C624325EFD91500705A34 = {
			isa = PBXGroup;
			children = (
				FE7C624E25EFD91500705A34 /* MVVM0303 */,
				FE7C624D25EFD91500705A34 /* Products */,
			);
			sourceTree = "<group>";
		};
		FE7C624D25EFD91500705A34 /* Products */ = {
			isa = PBXGroup;
			children = (
				FE7C624C25EFD91500705A34 /* MVVM0303.app */,
			);
			name = Products;
			sourceTree = "<group>";
		};
		FE7C624E25EFD91500705A34 /* MVVM0303 */ = {
			isa = PBXGroup;
			children = (
				FE7C626525EFD9C100705A34 /* ViewModel */,
				FE7C626425EFD9B500705A34 /* View */,
				FE7C626325EFD9AD00705A34 /* Model */,
				FE7C624F25EFD91600705A34 /* MVVM0303App.swift */,
				FE7C625125EFD91600705A34 /* ContentView.swift */,
				FE7C625325EFD91C00705A34 /* Assets.xcassets */,
				FE7C625825EFD91C00705A34 /* Info.plist */,
				FE7C625525EFD91C00705A34 /* Preview Content */,
			);
			path = MVVM0303;
			sourceTree = "<group>";
		};
		FE7C625525EFD91C00705A34 /* Preview Content */ = {
			isa = PBXGroup;
			children = (
				FE7C625625EFD91C00705A34 /* Preview Assets.xcassets */,
			);
			path = "Preview Content";
			sourceTree = "<group>";
		};
		FE7C626325EFD9AD00705A34 /* Model */ = {
			isa = PBXGroup;
			children = (
				FE7C627025EFDE8D00705A34 /* Photo.swift */,
			);
			path = Model;
			sourceTree = "<group>";
		};
		FE7C626425EFD9B500705A34 /* View */ = {
			isa = PBXGroup;
			children = (
				FE7C626A25EFDD4800705A34 /* PhotoGallery.swift */,
				FE7C626D25EFDE1300705A34 /* SingleSquare.swift */,
				FE2AB9C225EFED26009688B1 /* home.swift */,
			);
			path = View;
			sourceTree = "<group>";
		};
		FE7C626525EFD9C100705A34 /* ViewModel */ = {
			isa = PBXGroup;
			children = (
				FE7C627325EFDF5500705A34 /* ViewModel.swift */,
			);
			path = ViewModel;
			sourceTree = "<group>";
		};
/* End PBXGroup section */

/* Begin PBXNativeTarget section */
		FE7C624B25EFD91500705A34 /* MVVM0303 */ = {
			isa = PBXNativeTarget;
			buildConfigurationList = FE7C625B25EFD91C00705A34 /* Build configuration list for PBXNativeTarget "MVVM0303" */;
			buildPhases = (
				FE7C624825EFD91500705A34 /* Sources */,
				FE7C624925EFD91500705A34 /* Frameworks */,
				FE7C624A25EFD91500705A34 /* Resources */,
			);
			buildRules = (
			);
			dependencies = (
			);
			name = MVVM0303;
			packageProductDependencies = (
				FE7C626725EFDC9100705A34 /* Kingfisher */,
			);
			productName = MVVM0303;
			productReference = FE7C624C25EFD91500705A34 /* MVVM0303.app */;
			productType = "com.apple.product-type.application";
		};
/* End PBXNativeTarget section */

/* Begin PBXProject section */
		FE7C624425EFD91500705A34 /* Project object */ = {
			isa = PBXProject;
			attributes = {
				LastSwiftUpdateCheck = 1240;
				LastUpgradeCheck = 1240;
				TargetAttributes = {
					FE7C624B25EFD91500705A34 = {
						CreatedOnToolsVersion = 12.4;
					};
				};
			};
			buildConfigurationList = FE7C624725EFD91500705A34 /* Build configuration list for PBXProject "MVVM0303" */;
			compatibilityVersion = "Xcode 9.3";
			developmentRegion = en;
			hasScannedForEncodings = 0;
			knownRegions = (
				en,
				Base,
			);
			mainGroup = FE7C624325EFD91500705A34;
			packageReferences = (
				FE7C626625EFDC9100705A34 /* XCRemoteSwiftPackageReference "Kingfisher" */,
			);
			productRefGroup = FE7C624D25EFD91500705A34 /* Products */;
			projectDirPath = "";
			projectRoot = "";
			targets = (
				FE7C624B25EFD91500705A34 /* MVVM0303 */,
			);
		};
/* End PBXProject section */

/* Begin PBXResourcesBuildPhase section */
		FE7C624A25EFD91500705A34 /* Resources */ = {
			isa = PBXResourcesBuildPhase;
			buildActionMask = 2147483647;
			files = (
				FE7C625725EFD91C00705A34 /* Preview Assets.xcassets in Resources */,
				FE7C625425EFD91C00705A34 /* Assets.xcassets in Resources */,
			);
			runOnlyForDeploymentPostprocessing = 0;
		};
/* End PBXResourcesBuildPhase section */

/* Begin PBXSourcesBuildPhase section */
		FE7C624825EFD91500705A34 /* Sources */ = {
			isa = PBXSourcesBuildPhase;
			buildActionMask = 2147483647;
			files = (
				FE7C626E25EFDE1300705A34 /* SingleSquare.swift in Sources */,
				FE7C626B25EFDD4800705A34 /* PhotoGallery.swift in Sources */,
				FE2AB9C325EFED27009688B1 /* home.swift in Sources */,
				FE7C627425EFDF5500705A34 /* ViewModel.swift in Sources */,
				FE7C625225EFD91600705A34 /* ContentView.swift in Sources */,
				FE7C625025EFD91600705A34 /* MVVM0303App.swift in Sources */,
				FE7C627125EFDE8D00705A34 /* Photo.swift in Sources */,
			);
			runOnlyForDeploymentPostprocessing = 0;
		};
/* End PBXSourcesBuildPhase section */

/* Begin XCBuildConfiguration section */
		FE7C625925EFD91C00705A34 /* Debug */ = {
			isa = XCBuildConfiguration;
			buildSettings = {
				ALWAYS_SEARCH_USER_PATHS = NO;
				CLANG_ANALYZER_NONNULL = YES;
				CLANG_ANALYZER_NUMBER_OBJECT_CONVERSION = YES_AGGRESSIVE;
				CLANG_CXX_LANGUAGE_STANDARD = "gnu++14";
				CLANG_CXX_LIBRARY = "libc++";
				CLANG_ENABLE_MODULES = YES;
				CLANG_ENABLE_OBJC_ARC = YES;
				CLANG_ENABLE_OBJC_WEAK = YES;
				CLANG_WARN_BLOCK_CAPTURE_AUTORELEASING = YES;
				CLANG_WARN_BOOL_CONVERSION = YES;
				CLANG_WARN_COMMA = YES;
				CLANG_WARN_CONSTANT_CONVERSION = YES;
				CLANG_WARN_DEPRECATED_OBJC_IMPLEMENTATIONS = YES;
				CLANG_WARN_DIRECT_OBJC_ISA_USAGE = YES_ERROR;
				CLANG_WARN_DOCUMENTATION_COMMENTS = YES;
				CLANG_WARN_EMPTY_BODY = YES;
				CLANG_WARN_ENUM_CONVERSION = YES;
				CLANG_WARN_INFINITE_RECURSION = YES;
				CLANG_WARN_INT_CONVERSION = YES;
				CLANG_WARN_NON_LITERAL_NULL_CONVERSION = YES;
				CLANG_WARN_OBJC_IMPLICIT_RETAIN_SELF = YES;
				CLANG_WARN_OBJC_LITERAL_CONVERSION = YES;
				CLANG_WARN_OBJC_ROOT_CLASS = YES_ERROR;
				CLANG_WARN_QUOTED_INCLUDE_IN_FRAMEWORK_HEADER = YES;
				CLANG_WARN_RANGE_LOOP_ANALYSIS = YES;
				CLANG_WARN_STRICT_PROTOTYPES = YES;
				CLANG_WARN_SUSPICIOUS_MOVE = YES;
				CLANG_WARN_UNGUARDED_AVAILABILITY = YES_AGGRESSIVE;
				CLANG_WARN_UNREACHABLE_CODE = YES;
				CLANG_WARN__DUPLICATE_METHOD_MATCH = YES;
				COPY_PHASE_STRIP = NO;
				DEBUG_INFORMATION_FORMAT = dwarf;
				ENABLE_STRICT_OBJC_MSGSEND = YES;
				ENABLE_TESTABILITY = YES;
				GCC_C_LANGUAGE_STANDARD = gnu11;
				GCC_DYNAMIC_NO_PIC = NO;
				GCC_NO_COMMON_BLOCKS = YES;
				GCC_OPTIMIZATION_LEVEL = 0;
				GCC_PREPROCESSOR_DEFINITIONS = (
					"DEBUG=1",
					"$(inherited)",
				);
				GCC_WARN_64_TO_32_BIT_CONVERSION = YES;
				GCC_WARN_ABOUT_RETURN_TYPE = YES_ERROR;
				GCC_WARN_UNDECLARED_SELECTOR = YES;
				GCC_WARN_UNINITIALIZED_AUTOS = YES_AGGRESSIVE;
				GCC_WARN_UNUSED_FUNCTION = YES;
				GCC_WARN_UNUSED_VARIABLE = YES;
				IPHONEOS_DEPLOYMENT_TARGET = 14.4;
				MTL_ENABLE_DEBUG_INFO = INCLUDE_SOURCE;
				MTL_FAST_MATH = YES;
				ONLY_ACTIVE_ARCH = YES;
				SDKROOT = iphoneos;
				SWIFT_ACTIVE_COMPILATION_CONDITIONS = DEBUG;
				SWIFT_OPTIMIZATION_LEVEL = "-Onone";
			};
			name = Debug;
		};
		FE7C625A25EFD91C00705A34 /* Release */ = {
			isa = XCBuildConfiguration;
			buildSettings = {
				ALWAYS_SEARCH_USER_PATHS = NO;
				CLANG_ANALYZER_NONNULL = YES;
				CLANG_ANALYZER_NUMBER_OBJECT_CONVERSION = YES_AGGRESSIVE;
				CLANG_CXX_LANGUAGE_STANDARD = "gnu++14";
				CLANG_CXX_LIBRARY = "libc++";
				CLANG_ENABLE_MODULES = YES;
				CLANG_ENABLE_OBJC_ARC = YES;
				CLANG_ENABLE_OBJC_WEAK = YES;
				CLANG_WARN_BLOCK_CAPTURE_AUTORELEASING = YES;
				CLANG_WARN_BOOL_CONVERSION = YES;
				CLANG_WARN_COMMA = YES;
				CLANG_WARN_CONSTANT_CONVERSION = YES;
				CLANG_WARN_DEPRECATED_OBJC_IMPLEMENTATIONS = YES;
				CLANG_WARN_DIRECT_OBJC_ISA_USAGE = YES_ERROR;
				CLANG_WARN_DOCUMENTATION_COMMENTS = YES;
				CLANG_WARN_EMPTY_BODY = YES;
				CLANG_WARN_ENUM_CONVERSION = YES;
				CLANG_WARN_INFINITE_RECURSION = YES;
				CLANG_WARN_INT_CONVERSION = YES;
				CLANG_WARN_NON_LITERAL_NULL_CONVERSION = YES;
				CLANG_WARN_OBJC_IMPLICIT_RETAIN_SELF = YES;
				CLANG_WARN_OBJC_LITERAL_CONVERSION = YES;
				CLANG_WARN_OBJC_ROOT_CLASS = YES_ERROR;
				CLANG_WARN_QUOTED_INCLUDE_IN_FRAMEWORK_HEADER = YES;
				CLANG_WARN_RANGE_LOOP_ANALYSIS = YES;
				CLANG_WARN_STRICT_PROTOTYPES = YES;
				CLANG_WARN_SUSPICIOUS_MOVE = YES;
				CLANG_WARN_UNGUARDED_AVAILABILITY = YES_AGGRESSIVE;
				CLANG_WARN_UNREACHABLE_CODE = YES;
				CLANG_WARN__DUPLICATE_METHOD_MATCH = YES;
				COPY_PHASE_STRIP = NO;
				DEBUG_INFORMATION_FORMAT = "dwarf-with-dsym";
				ENABLE_NS_ASSERTIONS = NO;
				ENABLE_STRICT_OBJC_MSGSEND = YES;
				GCC_C_LANGUAGE_STANDARD = gnu11;
				GCC_NO_COMMON_BLOCKS = YES;
				GCC_WARN_64_TO_32_BIT_CONVERSION = YES;
				GCC_WARN_ABOUT_RETURN_TYPE = YES_ERROR;
				GCC_WARN_UNDECLARED_SELECTOR = YES;
				GCC_WARN_UNINITIALIZED_AUTOS = YES_AGGRESSIVE;
				GCC_WARN_UNUSED_FUNCTION = YES;
				GCC_WARN_UNUSED_VARIABLE = YES;
				IPHONEOS_DEPLOYMENT_TARGET = 14.4;
				MTL_ENABLE_DEBUG_INFO = NO;
				MTL_FAST_MATH = YES;
				SDKROOT = iphoneos;
				SWIFT_COMPILATION_MODE = wholemodule;
				SWIFT_OPTIMIZATION_LEVEL = "-O";
				VALIDATE_PRODUCT = YES;
			};
			name = Release;
		};
		FE7C625C25EFD91C00705A34 /* Debug */ = {
			isa = XCBuildConfiguration;
			buildSettings = {
				ASSETCATALOG_COMPILER_APPICON_NAME = AppIcon;
				ASSETCATALOG_COMPILER_GLOBAL_ACCENT_COLOR_NAME = AccentColor;
				CODE_SIGN_IDENTITY = "Apple Development";
				CODE_SIGN_STYLE = Automatic;
				DEVELOPMENT_ASSET_PATHS = "\"MVVM0303/Preview Content\"";
				DEVELOPMENT_TEAM = XPUS4U29RA;
				ENABLE_PREVIEWS = YES;
				INFOPLIST_FILE = MVVM0303/Info.plist;
				IPHONEOS_DEPLOYMENT_TARGET = 14.4;
				LD_RUNPATH_SEARCH_PATHS = (
					"$(inherited)",
					"@executable_path/Frameworks",
				);
				PRODUCT_BUNDLE_IDENTIFIER = com.toddch.MVVM0303;
				PRODUCT_NAME = "$(TARGET_NAME)";
				PROVISIONING_PROFILE_SPECIFIER = "";
				SWIFT_VERSION = 5.0;
				TARGETED_DEVICE_FAMILY = "1,2";
			};
			name = Debug;
		};
		FE7C625D25EFD91C00705A34 /* Release */ = {
			isa = XCBuildConfiguration;
			buildSettings = {
				ASSETCATALOG_COMPILER_APPICON_NAME = AppIcon;
				ASSETCATALOG_COMPILER_GLOBAL_ACCENT_COLOR_NAME = AccentColor;
				CODE_SIGN_IDENTITY = "Apple Development";
				CODE_SIGN_STYLE = Automatic;
				DEVELOPMENT_ASSET_PATHS = "\"MVVM0303/Preview Content\"";
				DEVELOPMENT_TEAM = XPUS4U29RA;
				ENABLE_PREVIEWS = YES;
				INFOPLIST_FILE = MVVM0303/Info.plist;
				IPHONEOS_DEPLOYMENT_TARGET = 14.4;
				LD_RUNPATH_SEARCH_PATHS = (
					"$(inherited)",
					"@executable_path/Frameworks",
				);
				PRODUCT_BUNDLE_IDENTIFIER = com.toddch.MVVM0303;
				PRODUCT_NAME = "$(TARGET_NAME)";
				PROVISIONING_PROFILE_SPECIFIER = "";
				SWIFT_VERSION = 5.0;
				TARGETED_DEVICE_FAMILY = "1,2";
			};
			name = Release;
		};
/* End XCBuildConfiguration section */

/* Begin XCConfigurationList section */
		FE7C624725EFD91500705A34 /* Build configuration list for PBXProject "MVVM0303" */ = {
			isa = XCConfigurationList;
			buildConfigurations = (
				FE7C625925EFD91C00705A34 /* Debug */,
				FE7C625A25EFD91C00705A34 /* Release */,
			);
			defaultConfigurationIsVisible = 0;
			defaultConfigurationName = Release;
		};
		FE7C625B25EFD91C00705A34 /* Build configuration list for PBXNativeTarget "MVVM0303" */ = {
			isa = XCConfigurationList;
			buildConfigurations = (
				FE7C625C25EFD91C00705A34 /* Debug */,
				FE7C625D25EFD91C00705A34 /* Release */,
			);
			defaultConfigurationIsVisible = 0;
			defaultConfigurationName = Release;
		};
/* End XCConfigurationList section */

/* Begin XCRemoteSwiftPackageReference section */
		FE7C626625EFDC9100705A34 /* XCRemoteSwiftPackageReference "Kingfisher" */ = {
			isa = XCRemoteSwiftPackageReference;
			repositoryURL = "https://github.com/onevcat/Kingfisher.git";
			requirement = {
				kind = upToNextMajorVersion;
				minimumVersion = 6.1.1;
			};
		};
/* End XCRemoteSwiftPackageReference section */

/* Begin XCSwiftPackageProductDependency section */
		FE7C626725EFDC9100705A34 /* Kingfisher */ = {
			isa = XCSwiftPackageProductDependency;
			package = FE7C626625EFDC9100705A34 /* XCRemoteSwiftPackageReference "Kingfisher" */;
			productName = Kingfisher;
		};
/* End XCSwiftPackageProductDependency section */
	};
	rootObject = FE7C624425EFD91500705A34 /* Project object */;
}
